# THIS IS AN AUTOGENERATED FILE. DO NOT EDIT THIS FILE DIRECTLY.
# yarn lockfile v1


"@babel/helper-string-parser@^7.24.8":
  version "7.24.8"
  resolved "https://registry.npmmirror.com/@babel/helper-string-parser/-/helper-string-parser-7.24.8.tgz#5b3329c9a58803d5df425e5785865881a81ca48d"
  integrity sha512-pO9KhhRcuUyGnJWwyEgnRJTSIZHiT+vMD0kPeD+so0l7mxkMT19g3pjY9GTnHySck/hDzq+dtW/4VgnMkippsQ==

"@babel/helper-validator-identifier@^7.24.7":
  version "7.24.7"
  resolved "https://registry.npmmirror.com/@babel/helper-validator-identifier/-/helper-validator-identifier-7.24.7.tgz#75b889cfaf9e35c2aaf42cf0d72c8e91719251db"
  integrity sha512-rR+PBcQ1SMQDDyF6X0wxtG8QyLCgUB0eRAGguqRLfkCA87l7yAP7ehq8SNj96OOGTO8OBV70KhuFYcIkHXOg0w==

"@babel/parser@^7.25.3":
  version "7.25.6"
  resolved "https://registry.npmmirror.com/@babel/parser/-/parser-7.25.6.tgz#85660c5ef388cbbf6e3d2a694ee97a38f18afe2f"
  integrity sha512-trGdfBdbD0l1ZPmcJ83eNxB9rbEax4ALFTF7fN386TMYbeCQbyme5cOEXQhbGXKebwGaB/J52w1mrklMcbgy6Q==
  dependencies:
    "@babel/types" "^7.25.6"

"@babel/runtime@^7.21.0":
  version "7.25.6"
  resolved "https://registry.npmmirror.com/@babel/runtime/-/runtime-7.25.6.tgz#9afc3289f7184d8d7f98b099884c26317b9264d2"
  integrity sha512-VBj9MYyDb9tuLq7yzqjgzt6Q+IBQLrGZfdjOekyEirZPHxXWoTSGUTMrpsfi58Up73d13NfYLv8HT9vmznjzhQ==
  dependencies:
    regenerator-runtime "^0.14.0"

"@babel/types@^7.25.6":
  version "7.25.6"
  resolved "https://registry.npmmirror.com/@babel/types/-/types-7.25.6.tgz#893942ddb858f32ae7a004ec9d3a76b3463ef8e6"
  integrity sha512-/l42B1qxpG6RdfYf343Uw1vmDjeNhneUXtzhojE7pDgfpEypmRhI6j1kr17XCVv4Cgl9HdAiQY2x0GwKm7rWCw==
  dependencies:
    "@babel/helper-string-parser" "^7.24.8"
    "@babel/helper-validator-identifier" "^7.24.7"
    to-fast-properties "^2.0.0"

"@css-render/plugin-bem@^0.15.12":
  version "0.15.14"
  resolved "https://registry.npmmirror.com/@css-render/plugin-bem/-/plugin-bem-0.15.14.tgz#de13fc9f59299c2b646119851763dfa08929b3c1"
  integrity sha512-QK513CJ7yEQxm/P3EwsI+d+ha8kSOcjGvD6SevM41neEMxdULE+18iuQK6tEChAWMOQNQPLG/Rw3Khb69r5neg==

"@css-render/vue3-ssr@^0.15.10", "@css-render/vue3-ssr@^0.15.12":
  version "0.15.14"
  resolved "https://registry.npmmirror.com/@css-render/vue3-ssr/-/vue3-ssr-0.15.14.tgz#a2f4dedc3e86211a3ce1445555265095b7736491"
  integrity sha512-//8027GSbxE9n3QlD73xFY6z4ZbHbvrOVB7AO6hsmrEzGbg+h2A09HboUyDgu+xsmj7JnvJD39Irt+2D0+iV8g==

"@emotion/hash@~0.8.0":
  version "0.8.0"
  resolved "https://registry.npmmirror.com/@emotion/hash/-/hash-0.8.0.tgz#bbbff68978fefdbe68ccb533bc8cbe1d1afb5413"
  integrity sha512-kBJtf7PH6aWwZ6fka3zQ0p6SBYzx4fl1LoZXE2RrnYST9Xljm7WfKJrU4g/Xr3Beg72MLrp1AWNUmuYJTL7Cow==

"@esbuild/aix-ppc64@0.21.5":
  version "0.21.5"
  resolved "https://registry.npmmirror.com/@esbuild/aix-ppc64/-/aix-ppc64-0.21.5.tgz#c7184a326533fcdf1b8ee0733e21c713b975575f"
  integrity sha512-1SDgH6ZSPTlggy1yI6+Dbkiz8xzpHJEVAlF/AM1tHPLsf5STom9rwtjE4hKAF20FfXXNTFqEYXyJNWh1GiZedQ==

"@esbuild/android-arm64@0.21.5":
  version "0.21.5"
  resolved "https://registry.npmmirror.com/@esbuild/android-arm64/-/android-arm64-0.21.5.tgz#09d9b4357780da9ea3a7dfb833a1f1ff439b4052"
  integrity sha512-c0uX9VAUBQ7dTDCjq+wdyGLowMdtR/GoC2U5IYk/7D1H1JYC0qseD7+11iMP2mRLN9RcCMRcjC4YMclCzGwS/A==

"@esbuild/android-arm@0.21.5":
  version "0.21.5"
  resolved "https://registry.npmmirror.com/@esbuild/android-arm/-/android-arm-0.21.5.tgz#9b04384fb771926dfa6d7ad04324ecb2ab9b2e28"
  integrity sha512-vCPvzSjpPHEi1siZdlvAlsPxXl7WbOVUBBAowWug4rJHb68Ox8KualB+1ocNvT5fjv6wpkX6o/iEpbDrf68zcg==

"@esbuild/android-x64@0.21.5":
  version "0.21.5"
  resolved "https://registry.npmmirror.com/@esbuild/android-x64/-/android-x64-0.21.5.tgz#29918ec2db754cedcb6c1b04de8cd6547af6461e"
  integrity sha512-D7aPRUUNHRBwHxzxRvp856rjUHRFW1SdQATKXH2hqA0kAZb1hKmi02OpYRacl0TxIGz/ZmXWlbZgjwWYaCakTA==

"@esbuild/darwin-arm64@0.21.5":
  version "0.21.5"
  resolved "https://registry.npmmirror.com/@esbuild/darwin-arm64/-/darwin-arm64-0.21.5.tgz#e495b539660e51690f3928af50a76fb0a6ccff2a"
  integrity sha512-DwqXqZyuk5AiWWf3UfLiRDJ5EDd49zg6O9wclZ7kUMv2WRFr4HKjXp/5t8JZ11QbQfUS6/cRCKGwYhtNAY88kQ==

"@esbuild/darwin-x64@0.21.5":
  version "0.21.5"
  resolved "https://registry.npmmirror.com/@esbuild/darwin-x64/-/darwin-x64-0.21.5.tgz#c13838fa57372839abdddc91d71542ceea2e1e22"
  integrity sha512-se/JjF8NlmKVG4kNIuyWMV/22ZaerB+qaSi5MdrXtd6R08kvs2qCN4C09miupktDitvh8jRFflwGFBQcxZRjbw==

"@esbuild/freebsd-arm64@0.21.5":
  version "0.21.5"
  resolved "https://registry.npmmirror.com/@esbuild/freebsd-arm64/-/freebsd-arm64-0.21.5.tgz#646b989aa20bf89fd071dd5dbfad69a3542e550e"
  integrity sha512-5JcRxxRDUJLX8JXp/wcBCy3pENnCgBR9bN6JsY4OmhfUtIHe3ZW0mawA7+RDAcMLrMIZaf03NlQiX9DGyB8h4g==

"@esbuild/freebsd-x64@0.21.5":
  version "0.21.5"
  resolved "https://registry.npmmirror.com/@esbuild/freebsd-x64/-/freebsd-x64-0.21.5.tgz#aa615cfc80af954d3458906e38ca22c18cf5c261"
  integrity sha512-J95kNBj1zkbMXtHVH29bBriQygMXqoVQOQYA+ISs0/2l3T9/kj42ow2mpqerRBxDJnmkUDCaQT/dfNXWX/ZZCQ==

"@esbuild/linux-arm64@0.21.5":
  version "0.21.5"
  resolved "https://registry.npmmirror.com/@esbuild/linux-arm64/-/linux-arm64-0.21.5.tgz#70ac6fa14f5cb7e1f7f887bcffb680ad09922b5b"
  integrity sha512-ibKvmyYzKsBeX8d8I7MH/TMfWDXBF3db4qM6sy+7re0YXya+K1cem3on9XgdT2EQGMu4hQyZhan7TeQ8XkGp4Q==

"@esbuild/linux-arm@0.21.5":
  version "0.21.5"
  resolved "https://registry.npmmirror.com/@esbuild/linux-arm/-/linux-arm-0.21.5.tgz#fc6fd11a8aca56c1f6f3894f2bea0479f8f626b9"
  integrity sha512-bPb5AHZtbeNGjCKVZ9UGqGwo8EUu4cLq68E95A53KlxAPRmUyYv2D6F0uUI65XisGOL1hBP5mTronbgo+0bFcA==

"@esbuild/linux-ia32@0.21.5":
  version "0.21.5"
  resolved "https://registry.npmmirror.com/@esbuild/linux-ia32/-/linux-ia32-0.21.5.tgz#3271f53b3f93e3d093d518d1649d6d68d346ede2"
  integrity sha512-YvjXDqLRqPDl2dvRODYmmhz4rPeVKYvppfGYKSNGdyZkA01046pLWyRKKI3ax8fbJoK5QbxblURkwK/MWY18Tg==

"@esbuild/linux-loong64@0.21.5":
  version "0.21.5"
  resolved "https://registry.npmmirror.com/@esbuild/linux-loong64/-/linux-loong64-0.21.5.tgz#ed62e04238c57026aea831c5a130b73c0f9f26df"
  integrity sha512-uHf1BmMG8qEvzdrzAqg2SIG/02+4/DHB6a9Kbya0XDvwDEKCoC8ZRWI5JJvNdUjtciBGFQ5PuBlpEOXQj+JQSg==

"@esbuild/linux-mips64el@0.21.5":
  version "0.21.5"
  resolved "https://registry.npmmirror.com/@esbuild/linux-mips64el/-/linux-mips64el-0.21.5.tgz#e79b8eb48bf3b106fadec1ac8240fb97b4e64cbe"
  integrity sha512-IajOmO+KJK23bj52dFSNCMsz1QP1DqM6cwLUv3W1QwyxkyIWecfafnI555fvSGqEKwjMXVLokcV5ygHW5b3Jbg==

"@esbuild/linux-ppc64@0.21.5":
  version "0.21.5"
  resolved "https://registry.npmmirror.com/@esbuild/linux-ppc64/-/linux-ppc64-0.21.5.tgz#5f2203860a143b9919d383ef7573521fb154c3e4"
  integrity sha512-1hHV/Z4OEfMwpLO8rp7CvlhBDnjsC3CttJXIhBi+5Aj5r+MBvy4egg7wCbe//hSsT+RvDAG7s81tAvpL2XAE4w==

"@esbuild/linux-riscv64@0.21.5":
  version "0.21.5"
  resolved "https://registry.npmmirror.com/@esbuild/linux-riscv64/-/linux-riscv64-0.21.5.tgz#07bcafd99322d5af62f618cb9e6a9b7f4bb825dc"
  integrity sha512-2HdXDMd9GMgTGrPWnJzP2ALSokE/0O5HhTUvWIbD3YdjME8JwvSCnNGBnTThKGEB91OZhzrJ4qIIxk/SBmyDDA==

"@esbuild/linux-s390x@0.21.5":
  version "0.21.5"
  resolved "https://registry.npmmirror.com/@esbuild/linux-s390x/-/linux-s390x-0.21.5.tgz#b7ccf686751d6a3e44b8627ababc8be3ef62d8de"
  integrity sha512-zus5sxzqBJD3eXxwvjN1yQkRepANgxE9lgOW2qLnmr8ikMTphkjgXu1HR01K4FJg8h1kEEDAqDcZQtbrRnB41A==

"@esbuild/linux-x64@0.21.5":
  version "0.21.5"
  resolved "https://registry.npmmirror.com/@esbuild/linux-x64/-/linux-x64-0.21.5.tgz#6d8f0c768e070e64309af8004bb94e68ab2bb3b0"
  integrity sha512-1rYdTpyv03iycF1+BhzrzQJCdOuAOtaqHTWJZCWvijKD2N5Xu0TtVC8/+1faWqcP9iBCWOmjmhoH94dH82BxPQ==

"@esbuild/netbsd-x64@0.21.5":
  version "0.21.5"
  resolved "https://registry.npmmirror.com/@esbuild/netbsd-x64/-/netbsd-x64-0.21.5.tgz#bbe430f60d378ecb88decb219c602667387a6047"
  integrity sha512-Woi2MXzXjMULccIwMnLciyZH4nCIMpWQAs049KEeMvOcNADVxo0UBIQPfSmxB3CWKedngg7sWZdLvLczpe0tLg==

"@esbuild/openbsd-x64@0.21.5":
  version "0.21.5"
  resolved "https://registry.npmmirror.com/@esbuild/openbsd-x64/-/openbsd-x64-0.21.5.tgz#99d1cf2937279560d2104821f5ccce220cb2af70"
  integrity sha512-HLNNw99xsvx12lFBUwoT8EVCsSvRNDVxNpjZ7bPn947b8gJPzeHWyNVhFsaerc0n3TsbOINvRP2byTZ5LKezow==

"@esbuild/sunos-x64@0.21.5":
  version "0.21.5"
  resolved "https://registry.npmmirror.com/@esbuild/sunos-x64/-/sunos-x64-0.21.5.tgz#08741512c10d529566baba837b4fe052c8f3487b"
  integrity sha512-6+gjmFpfy0BHU5Tpptkuh8+uw3mnrvgs+dSPQXQOv3ekbordwnzTVEb4qnIvQcYXq6gzkyTnoZ9dZG+D4garKg==

"@esbuild/win32-arm64@0.21.5":
  version "0.21.5"
  resolved "https://registry.npmmirror.com/@esbuild/win32-arm64/-/win32-arm64-0.21.5.tgz#675b7385398411240735016144ab2e99a60fc75d"
  integrity sha512-Z0gOTd75VvXqyq7nsl93zwahcTROgqvuAcYDUr+vOv8uHhNSKROyU961kgtCD1e95IqPKSQKH7tBTslnS3tA8A==

"@esbuild/win32-ia32@0.21.5":
  version "0.21.5"
  resolved "https://registry.npmmirror.com/@esbuild/win32-ia32/-/win32-ia32-0.21.5.tgz#1bfc3ce98aa6ca9a0969e4d2af72144c59c1193b"
  integrity sha512-SWXFF1CL2RVNMaVs+BBClwtfZSvDgtL//G/smwAc5oVK/UPu2Gu9tIaRgFmYFFKrmg3SyAjSrElf0TiJ1v8fYA==

"@esbuild/win32-x64@0.21.5":
  version "0.21.5"
  resolved "https://registry.npmmirror.com/@esbuild/win32-x64/-/win32-x64-0.21.5.tgz#acad351d582d157bb145535db2a6ff53dd514b5c"
  integrity sha512-tQd/1efJuzPC6rCFwEvLtci/xNFcTZknmXs98FYDfGE4wP9ClFV98nyKrzJKVPMhdDnjzLhdUyMX4PsQAPjwIw==

"@jridgewell/sourcemap-codec@^1.5.0":
  version "1.5.0"
  resolved "https://registry.npmmirror.com/@jridgewell/sourcemap-codec/-/sourcemap-codec-1.5.0.tgz#3188bcb273a414b0d215fd22a58540b989b9409a"
  integrity sha512-gv3ZRaISU3fjPAgNsriBRqGWQL6quFx04YMPW/zD8XMLsU32mhCCbfbO6KZFLjvYpCZ8zyDEgqsgf+PwPaM7GQ==

"@juggle/resize-observer@^3.3.1":
  version "3.4.0"
  resolved "https://registry.npmmirror.com/@juggle/resize-observer/-/resize-observer-3.4.0.tgz#08d6c5e20cf7e4cc02fd181c4b0c225cd31dbb60"
  integrity sha512-dfLbk+PwWvFzSxwk3n5ySL0hfBog779o8h68wK/7/APo/7cgyWp5jcXockbxdk5kFRkbeXWm4Fbi9FrdN381sA==

"@rollup/rollup-android-arm-eabi@4.21.3":
  version "4.21.3"
  resolved "https://registry.npmmirror.com/@rollup/rollup-android-arm-eabi/-/rollup-android-arm-eabi-4.21.3.tgz#155c7d82c1b36c3ad84d9adf9b3cd520cba81a0f"
  integrity sha512-MmKSfaB9GX+zXl6E8z4koOr/xU63AMVleLEa64v7R0QF/ZloMs5vcD1sHgM64GXXS1csaJutG+ddtzcueI/BLg==

"@rollup/rollup-android-arm64@4.21.3":
  version "4.21.3"
  resolved "https://registry.npmmirror.com/@rollup/rollup-android-arm64/-/rollup-android-arm64-4.21.3.tgz#b94b6fa002bd94a9cbd8f9e47e23b25e5bd113ba"
  integrity sha512-zrt8ecH07PE3sB4jPOggweBjJMzI1JG5xI2DIsUbkA+7K+Gkjys6eV7i9pOenNSDJH3eOr/jLb/PzqtmdwDq5g==

"@rollup/rollup-darwin-arm64@4.21.3":
  version "4.21.3"
  resolved "https://registry.npmmirror.com/@rollup/rollup-darwin-arm64/-/rollup-darwin-arm64-4.21.3.tgz#0934126cf9cbeadfe0eb7471ab5d1517e8cd8dcc"
  integrity sha512-P0UxIOrKNBFTQaXTxOH4RxuEBVCgEA5UTNV6Yz7z9QHnUJ7eLX9reOd/NYMO3+XZO2cco19mXTxDMXxit4R/eQ==

"@rollup/rollup-darwin-x64@4.21.3":
  version "4.21.3"
  resolved "https://registry.npmmirror.com/@rollup/rollup-darwin-x64/-/rollup-darwin-x64-4.21.3.tgz#0ce8e1e0f349778938c7c90e4bdc730640e0a13e"
  integrity sha512-L1M0vKGO5ASKntqtsFEjTq/fD91vAqnzeaF6sfNAy55aD+Hi2pBI5DKwCO+UNDQHWsDViJLqshxOahXyLSh3EA==

"@rollup/rollup-linux-arm-gnueabihf@4.21.3":
  version "4.21.3"
  resolved "https://registry.npmmirror.com/@rollup/rollup-linux-arm-gnueabihf/-/rollup-linux-arm-gnueabihf-4.21.3.tgz#5669d34775ad5d71e4f29ade99d0ff4df523afb6"
  integrity sha512-btVgIsCjuYFKUjopPoWiDqmoUXQDiW2A4C3Mtmp5vACm7/GnyuprqIDPNczeyR5W8rTXEbkmrJux7cJmD99D2g==

"@rollup/rollup-linux-arm-musleabihf@4.21.3":
  version "4.21.3"
  resolved "https://registry.npmmirror.com/@rollup/rollup-linux-arm-musleabihf/-/rollup-linux-arm-musleabihf-4.21.3.tgz#f6d1a0e1da4061370cb2f4244fbdd727c806dd88"
  integrity sha512-zmjbSphplZlau6ZTkxd3+NMtE4UKVy7U4aVFMmHcgO5CUbw17ZP6QCgyxhzGaU/wFFdTfiojjbLG3/0p9HhAqA==

"@rollup/rollup-linux-arm64-gnu@4.21.3":
  version "4.21.3"
  resolved "https://registry.npmmirror.com/@rollup/rollup-linux-arm64-gnu/-/rollup-linux-arm64-gnu-4.21.3.tgz#ed96a05e99743dee4d23cc4913fc6e01a0089c88"
  integrity sha512-nSZfcZtAnQPRZmUkUQwZq2OjQciR6tEoJaZVFvLHsj0MF6QhNMg0fQ6mUOsiCUpTqxTx0/O6gX0V/nYc7LrgPw==

"@rollup/rollup-linux-arm64-musl@4.21.3":
  version "4.21.3"
  resolved "https://registry.npmmirror.com/@rollup/rollup-linux-arm64-musl/-/rollup-linux-arm64-musl-4.21.3.tgz#057ea26eaa7e537a06ded617d23d57eab3cecb58"
  integrity sha512-MnvSPGO8KJXIMGlQDYfvYS3IosFN2rKsvxRpPO2l2cum+Z3exiExLwVU+GExL96pn8IP+GdH8Tz70EpBhO0sIQ==

"@rollup/rollup-linux-powerpc64le-gnu@4.21.3":
  version "4.21.3"
  resolved "https://registry.npmmirror.com/@rollup/rollup-linux-powerpc64le-gnu/-/rollup-linux-powerpc64le-gnu-4.21.3.tgz#6e6e1f9404c9bf3fbd7d51cd11cd288a9a2843aa"
  integrity sha512-+W+p/9QNDr2vE2AXU0qIy0qQE75E8RTwTwgqS2G5CRQ11vzq0tbnfBd6brWhS9bCRjAjepJe2fvvkvS3dno+iw==

"@rollup/rollup-linux-riscv64-gnu@4.21.3":
  version "4.21.3"
  resolved "https://registry.npmmirror.com/@rollup/rollup-linux-riscv64-gnu/-/rollup-linux-riscv64-gnu-4.21.3.tgz#eef1536a53f6e6658a2a778130e6b1a4a41cb439"
  integrity sha512-yXH6K6KfqGXaxHrtr+Uoy+JpNlUlI46BKVyonGiaD74ravdnF9BUNC+vV+SIuB96hUMGShhKV693rF9QDfO6nQ==

"@rollup/rollup-linux-s390x-gnu@4.21.3":
  version "4.21.3"
  resolved "https://registry.npmmirror.com/@rollup/rollup-linux-s390x-gnu/-/rollup-linux-s390x-gnu-4.21.3.tgz#2b28fb89ca084efaf8086f435025d96b4a966957"
  integrity sha512-R8cwY9wcnApN/KDYWTH4gV/ypvy9yZUHlbJvfaiXSB48JO3KpwSpjOGqO4jnGkLDSk1hgjYkTbTt6Q7uvPf8eg==

"@rollup/rollup-linux-x64-gnu@4.21.3":
  version "4.21.3"
  resolved "https://registry.npmmirror.com/@rollup/rollup-linux-x64-gnu/-/rollup-linux-x64-gnu-4.21.3.tgz#5226cde6c6b495b04a3392c1d2c572844e42f06b"
  integrity sha512-kZPbX/NOPh0vhS5sI+dR8L1bU2cSO9FgxwM8r7wHzGydzfSjLRCFAT87GR5U9scj2rhzN3JPYVC7NoBbl4FZ0g==

"@rollup/rollup-linux-x64-musl@4.21.3":
  version "4.21.3"
  resolved "https://registry.npmmirror.com/@rollup/rollup-linux-x64-musl/-/rollup-linux-x64-musl-4.21.3.tgz#2c2412982e6c2a00a2ecac6d548ebb02f0aa6ca4"
  integrity sha512-S0Yq+xA1VEH66uiMNhijsWAafffydd2X5b77eLHfRmfLsRSpbiAWiRHV6DEpz6aOToPsgid7TI9rGd6zB1rhbg==

"@rollup/rollup-win32-arm64-msvc@4.21.3":
  version "4.21.3"
  resolved "https://registry.npmmirror.com/@rollup/rollup-win32-arm64-msvc/-/rollup-win32-arm64-msvc-4.21.3.tgz#fbb6ef5379199e2ec0103ef32877b0985c773a55"
  integrity sha512-9isNzeL34yquCPyerog+IMCNxKR8XYmGd0tHSV+OVx0TmE0aJOo9uw4fZfUuk2qxobP5sug6vNdZR6u7Mw7Q+Q==

"@rollup/rollup-win32-ia32-msvc@4.21.3":
  version "4.21.3"
  resolved "https://registry.npmmirror.com/@rollup/rollup-win32-ia32-msvc/-/rollup-win32-ia32-msvc-4.21.3.tgz#d50e2082e147e24d87fe34abbf6246525ec3845a"
  integrity sha512-nMIdKnfZfzn1Vsk+RuOvl43ONTZXoAPUUxgcU0tXooqg4YrAqzfKzVenqqk2g5efWh46/D28cKFrOzDSW28gTA==

"@rollup/rollup-win32-x64-msvc@4.21.3":
  version "4.21.3"
  resolved "https://registry.npmmirror.com/@rollup/rollup-win32-x64-msvc/-/rollup-win32-x64-msvc-4.21.3.tgz#4115233aa1bd5a2060214f96d8511f6247093212"
  integrity sha512-fOvu7PCQjAj4eWDEuD8Xz5gpzFqXzGlxHZozHP4b9Jxv9APtdxL6STqztDzMLuRXEc4UpXGGhx029Xgm91QBeA==

"@types/estree@1.0.5":
  version "1.0.5"
  resolved "https://registry.npmmirror.com/@types/estree/-/estree-1.0.5.tgz#a6ce3e556e00fd9895dd872dd172ad0d4bd687f4"
  integrity sha512-/kYRxGDLWzHOB7q+wtSUQlFrtcdUccpfy+X+9iMBpHK8QLLhx2wIPYuS5DYtR9Wa/YlZAbIovy7qVdB1Aq6Lyw==

"@types/katex@^0.16.2":
  version "0.16.7"
  resolved "https://registry.npmmirror.com/@types/katex/-/katex-0.16.7.tgz#03ab680ab4fa4fbc6cb46ecf987ecad5d8019868"
  integrity sha512-HMwFiRujE5PjrgwHQ25+bsLJgowjGjm5Z8FVSf0N6PwgJrwxH0QxzHYDcKsTfV3wva0vzrpqMTJS2jXPr5BMEQ==

"@types/lodash-es@^4.17.9":
  version "4.17.12"
  resolved "https://registry.npmmirror.com/@types/lodash-es/-/lodash-es-4.17.12.tgz#65f6d1e5f80539aa7cfbfc962de5def0cf4f341b"
  integrity sha512-0NgftHUcV4v34VhXm8QBSftKVXtbkBG3ViCjs6+eJ5a6y6Mi/jiFGPc1sC7QK+9BFhWrURE3EOggmWaSxL9OzQ==
  dependencies:
    "@types/lodash" "*"

"@types/lodash@*", "@types/lodash@^4.14.198":
  version "4.17.7"
  resolved "https://registry.npmmirror.com/@types/lodash/-/lodash-4.17.7.tgz#2f776bcb53adc9e13b2c0dfd493dfcbd7de43612"
  integrity sha512-8wTvZawATi/lsmNu10/j2hk1KEP0IvjubqPE3cu1Xz7xfXXt5oCq3SNUz4fMIP4XGF9Ky+Ue2tBA3hcS7LSBlA==

"@vicons/ionicons5@^0.12.0":
  version "0.12.0"
  resolved "https://registry.npmmirror.com/@vicons/ionicons5/-/ionicons5-0.12.0.tgz#c39fda04420dfae3b58053faf8aaf3555253299d"
  integrity sha512-Iy1EUVRpX0WWxeu1VIReR1zsZLMc4fqpt223czR+Rpnrwu7pt46nbnC2ycO7ItI/uqDLJxnbcMC7FujKs9IfFA==

"@vitejs/plugin-vue@^5.1.3":
  version "5.1.3"
  resolved "https://registry.npmmirror.com/@vitejs/plugin-vue/-/plugin-vue-5.1.3.tgz#42b55c1a4d6f329aea25c5a24db51a31db31c693"
  integrity sha512-3xbWsKEKXYlmX82aOHufFQVnkbMC/v8fLpWwh6hWOUrK5fbbtBh9Q/WWse27BFgSy2/e2c0fz5Scgya9h2GLhw==

"@vue/compiler-core@3.5.5":
  version "3.5.5"
  resolved "https://registry.npmmirror.com/@vue/compiler-core/-/compiler-core-3.5.5.tgz#1ed7a4531f693929a75e69a57add35193e2fcd13"
  integrity sha512-ZrxcY8JMoV+kgDrmRwlDufz0SjDZ7jfoNZiIBluAACMBmgr55o/jTbxnyrccH6VSJXnFaDI4Ik1UFCiq9r8i7w==
  dependencies:
    "@babel/parser" "^7.25.3"
    "@vue/shared" "3.5.5"
    entities "^4.5.0"
    estree-walker "^2.0.2"
    source-map-js "^1.2.0"

"@vue/compiler-dom@3.5.5":
  version "3.5.5"
  resolved "https://registry.npmmirror.com/@vue/compiler-dom/-/compiler-dom-3.5.5.tgz#eef439a7c2e08e4653c0537d465d7db928578d50"
  integrity sha512-HSvK5q1gmBbxRse3S0Wt34RcKuOyjDJKDDMuF3i7NC+QkDFrbAqw8NnrEm/z7zFDxWZa4/5eUwsBOMQzm1RHBA==
  dependencies:
    "@vue/compiler-core" "3.5.5"
    "@vue/shared" "3.5.5"

"@vue/compiler-sfc@3.5.5":
  version "3.5.5"
  resolved "https://registry.npmmirror.com/@vue/compiler-sfc/-/compiler-sfc-3.5.5.tgz#b95c836f67bf5273bfce47a2f5ec49c1587ea0b9"
  integrity sha512-MzBHDxwZhgQPHrwJ5tj92gdTYRCuPDSZr8PY3+JFv8cv2UD5/WayH5yo0kKCkKfrtJhc39jNSMityHrkMSbfnA==
  dependencies:
    "@babel/parser" "^7.25.3"
    "@vue/compiler-core" "3.5.5"
    "@vue/compiler-dom" "3.5.5"
    "@vue/compiler-ssr" "3.5.5"
    "@vue/shared" "3.5.5"
    estree-walker "^2.0.2"
    magic-string "^0.30.11"
    postcss "^8.4.44"
    source-map-js "^1.2.0"

"@vue/compiler-ssr@3.5.5":
  version "3.5.5"
  resolved "https://registry.npmmirror.com/@vue/compiler-ssr/-/compiler-ssr-3.5.5.tgz#4d995b2daff5e6e33fd0d08039560c04eea1a63a"
  integrity sha512-oFasHnpv/upubjJEmqiTKQYb4qS3ziJddf4UVWuFw6ebk/QTrTUc+AUoTJdo39x9g+AOQBzhOU0ICCRuUjvkmw==
  dependencies:
    "@vue/compiler-dom" "3.5.5"
    "@vue/shared" "3.5.5"

"@vue/devtools-api@^6.6.4":
  version "6.6.4"
  resolved "https://registry.npmmirror.com/@vue/devtools-api/-/devtools-api-6.6.4.tgz#cbe97fe0162b365edc1dba80e173f90492535343"
  integrity sha512-sGhTPMuXqZ1rVOk32RylztWkfXTRhuS7vgAKv0zjqk8gbsHkJ7xfFf+jbySxt7tWObEJwyKaHMikV/WGDiQm8g==

"@vue/reactivity@3.5.5":
  version "3.5.5"
  resolved "https://registry.npmmirror.com/@vue/reactivity/-/reactivity-3.5.5.tgz#786d2befbecc6625afba24e0a4ca4ee538f6b574"
  integrity sha512-V4tTWElZQhT73PSK3Wnax9R9m4qvMX+LeKHnfylZc6SLh4Jc5/BPakp6e3zEhKWi5AN8TDzRkGnLkp8OqycYng==
  dependencies:
    "@vue/shared" "3.5.5"

"@vue/runtime-core@3.5.5":
  version "3.5.5"
  resolved "https://registry.npmmirror.com/@vue/runtime-core/-/runtime-core-3.5.5.tgz#c7827d4eeeeb635bb8a8e2f38cebc6638ca8469c"
  integrity sha512-2/CFaRN17jgsXy4MpigWFBCAMmLkXPb4CjaHrndglwYSra7ajvkH2cat21dscuXaH91G8fXAeg5gCyxWJ+wCRA==
  dependencies:
    "@vue/reactivity" "3.5.5"
    "@vue/shared" "3.5.5"

"@vue/runtime-dom@3.5.5":
  version "3.5.5"
  resolved "https://registry.npmmirror.com/@vue/runtime-dom/-/runtime-dom-3.5.5.tgz#60ff36bcd4f63203305c3234877bf0ddc65c35ad"
  integrity sha512-0bQGgCuL+4Muz5PsCLgF4Ata9BTdhHi5VjsxtTDyI0Wy4MgoSvBGaA6bDc7W7CGgZOyirf9LNeetMYHQ05pgpw==
  dependencies:
    "@vue/reactivity" "3.5.5"
    "@vue/runtime-core" "3.5.5"
    "@vue/shared" "3.5.5"
    csstype "^3.1.3"

"@vue/server-renderer@3.5.5":
  version "3.5.5"
  resolved "https://registry.npmmirror.com/@vue/server-renderer/-/server-renderer-3.5.5.tgz#a55f4418b51dde36f5716bfaf7097441a033751d"
  integrity sha512-XjRamLIq5f47cxgy+hiX7zUIY+4RHdPDVrPvvMDAUTdW5RJWX/S0ji/rCbm3LWTT/9Co9bvQME8ZI15ahL4/Qw==
  dependencies:
    "@vue/compiler-ssr" "3.5.5"
    "@vue/shared" "3.5.5"

"@vue/shared@3.5.5":
  version "3.5.5"
  resolved "https://registry.npmmirror.com/@vue/shared/-/shared-3.5.5.tgz#4e73f4512ec972f7670610068f6cff05b210fd1c"
  integrity sha512-0KyMXyEgnmFAs6rNUL+6eUHtUCqCaNrVd+AW3MX3LyA0Yry5SA0Km03CDKiOua1x1WWnIr+W9+S0GMFoSDWERQ==

async-validator@^4.2.5:
  version "4.2.5"
  resolved "https://registry.npmmirror.com/async-validator/-/async-validator-4.2.5.tgz#c96ea3332a521699d0afaaceed510a54656c6339"
  integrity sha512-7HhHjtERjqlNbZtqNqy2rckN/SpOOlmDliet+lP7k+eKZEjPk3DgyeU9lIXLdeLz0uBbbVp+9Qdow9wJWgwwfg==

asynckit@^0.4.0:
  version "0.4.0"
  resolved "https://registry.npmmirror.com/asynckit/-/asynckit-0.4.0.tgz#c79ed97f7f34cb8f2ba1bc9790bcc366474b4b79"
  integrity sha512-Oei9OH4tRh0YqU3GxhX79dM/mwVgvbZJaSNaRk+bshkj0S5cfHcgYakreBjrHwatXKbz+IoIdYLxrKim2MjW0Q==

axios@^1.7.7:
  version "1.7.7"
  resolved "https://registry.npmmirror.com/axios/-/axios-1.7.7.tgz#2f554296f9892a72ac8d8e4c5b79c14a91d0a47f"
  integrity sha512-S4kL7XrjgBmvdGut0sN3yJxqYzrDOnivkBiN0OFs6hLiUam3UPvswUo0kqGyhqUZGEOytHyumEdXsAkgCOUf3Q==
  dependencies:
    follow-redirects "^1.15.6"
    form-data "^4.0.0"
    proxy-from-env "^1.1.0"

combined-stream@^1.0.8:
  version "1.0.8"
  resolved "https://registry.npmmirror.com/combined-stream/-/combined-stream-1.0.8.tgz#c3d45a8b34fd730631a110a8a2520682b31d5a7f"
  integrity sha512-FQN4MRfuJeHf7cBbBMJFXhKSDq+2kAArBlmRBvcvFE5BB1HZKXtSFASDhdlz9zOYwxh8lDdnvmMOe/+5cdoEdg==
  dependencies:
    delayed-stream "~1.0.0"

copy-anything@^2.0.1:
  version "2.0.6"
  resolved "https://registry.npmmirror.com/copy-anything/-/copy-anything-2.0.6.tgz#092454ea9584a7b7ad5573062b2a87f5900fc480"
  integrity sha512-1j20GZTsvKNkc4BY3NpMOM8tt///wY3FpIzozTOFO2ffuZcV61nojHXVKIy3WM+7ADCy5FVhdZYHYDdgTU0yJw==
  dependencies:
    is-what "^3.14.1"

css-render@^0.15.10, css-render@^0.15.12:
  version "0.15.14"
  resolved "https://registry.npmmirror.com/css-render/-/css-render-0.15.14.tgz#c23d8c8b9c0b44cd20b426f5e9de7ef7bade69b8"
  integrity sha512-9nF4PdUle+5ta4W5SyZdLCCmFd37uVimSjg1evcTqKJCyvCEEj12WKzOSBNak6r4im4J4iYXKH1OWpUV5LBYFg==
  dependencies:
    "@emotion/hash" "~0.8.0"
    csstype "~3.0.5"

csstype@^3.1.3:
  version "3.1.3"
  resolved "https://registry.npmmirror.com/csstype/-/csstype-3.1.3.tgz#d80ff294d114fb0e6ac500fbf85b60137d7eff81"

csstype@~3.0.5:
  version "3.0.11"
  resolved "https://registry.npmmirror.com/csstype/-/csstype-3.0.11.tgz#d66700c5eacfac1940deb4e3ee5642792d85cd33"
  integrity sha512-sa6P2wJ+CAbgyy4KFssIb/JNMLxFvKF1pCYCSXS8ZMuqZnMsrxqI2E5sPyoTpxoPU/gVZMzr2zjOfg8GIZOMsw==

date-fns-tz@^2.0.0:
  version "2.0.1"
  resolved "https://registry.npmmirror.com/date-fns-tz/-/date-fns-tz-2.0.1.tgz#0a9b2099031c0d74120b45de9fd23192e48ea495"
  integrity sha512-fJCG3Pwx8HUoLhkepdsP7Z5RsucUi+ZBOxyM5d0ZZ6c4SdYustq0VMmOu6Wf7bli+yS/Jwp91TOCqn9jMcVrUA==

date-fns@^2.30.0:
  version "2.30.0"
  resolved "https://registry.npmmirror.com/date-fns/-/date-fns-2.30.0.tgz#f367e644839ff57894ec6ac480de40cae4b0f4d0"
  integrity sha512-fnULvOpxnC5/Vg3NCiWelDsLiUc9bRwAPs/+LfTLNvetFCtCTN+yQz15C/fs4AwX1R9K5GLtLfn8QW+dWisaAw==
  dependencies:
    "@babel/runtime" "^7.21.0"

delayed-stream@~1.0.0:
  version "1.0.0"
  resolved "https://registry.npmmirror.com/delayed-stream/-/delayed-stream-1.0.0.tgz#df3ae199acadfb7d440aaae0b29e2272b24ec619"
  integrity sha512-ZySD7Nf91aLB0RxL4KGrKHBXl7Eds1DAmEdcoVawXnLD7SDhpNgtuII2aAkg7a7QS41jxPSZ17p4VdGnMHk3MQ==

entities@^4.5.0:
  version "4.5.0"
  resolved "https://registry.npmmirror.com/entities/-/entities-4.5.0.tgz#5d268ea5e7113ec74c4d033b79ea5a35a488fb48"
  integrity sha512-V0hjH4dGPh9Ao5p0MoRY6BVqtwCjhz6vI5LT8AJ55H+4g9/4vbHx1I54fS0XuclLhDHArPQCiMjDxjaL8fPxhw==

errno@^0.1.1:
  version "0.1.8"
  resolved "https://registry.npmmirror.com/errno/-/errno-0.1.8.tgz#8bb3e9c7d463be4976ff888f76b4809ebc2e811f"
  integrity sha512-dJ6oBr5SQ1VSd9qkk7ByRgb/1SH4JZjCHSW/mr63/QcXO9zLVxvJ6Oy13nio03rxpSnVDDjFor75SjVeZWPW/A==
  dependencies:
    prr "~1.0.1"

esbuild@^0.21.3:
  version "0.21.5"
  resolved "https://registry.npmmirror.com/esbuild/-/esbuild-0.21.5.tgz#9ca301b120922959b766360d8ac830da0d02997d"
  integrity sha512-mg3OPMV4hXywwpoDxu3Qda5xCKQi+vCTZq8S9J/EpkhB2HzKXq4SNFZE3+NK93JYxc8VMSep+lOUSC/RVKaBqw==
  optionalDependencies:
    "@esbuild/aix-ppc64" "0.21.5"
    "@esbuild/android-arm" "0.21.5"
    "@esbuild/android-arm64" "0.21.5"
    "@esbuild/android-x64" "0.21.5"
    "@esbuild/darwin-arm64" "0.21.5"
    "@esbuild/darwin-x64" "0.21.5"
    "@esbuild/freebsd-arm64" "0.21.5"
    "@esbuild/freebsd-x64" "0.21.5"
    "@esbuild/linux-arm" "0.21.5"
    "@esbuild/linux-arm64" "0.21.5"
    "@esbuild/linux-ia32" "0.21.5"
    "@esbuild/linux-loong64" "0.21.5"
    "@esbuild/linux-mips64el" "0.21.5"
    "@esbuild/linux-ppc64" "0.21.5"
    "@esbuild/linux-riscv64" "0.21.5"
    "@esbuild/linux-s390x" "0.21.5"
    "@esbuild/linux-x64" "0.21.5"
    "@esbuild/netbsd-x64" "0.21.5"
    "@esbuild/openbsd-x64" "0.21.5"
    "@esbuild/sunos-x64" "0.21.5"
    "@esbuild/win32-arm64" "0.21.5"
    "@esbuild/win32-ia32" "0.21.5"
    "@esbuild/win32-x64" "0.21.5"

estree-walker@^2.0.2:
  version "2.0.2"
  resolved "https://registry.npmmirror.com/estree-walker/-/estree-walker-2.0.2.tgz#52f010178c2a4c117a7757cfe942adb7d2da4cac"

evtd@^0.2.2, evtd@^0.2.4:
  version "0.2.4"
  resolved "https://registry.npmmirror.com/evtd/-/evtd-0.2.4.tgz#0aac39ba44d6926e6668948ac27618e0795b9d07"
  integrity sha512-qaeGN5bx63s/AXgQo8gj6fBkxge+OoLddLniox5qtLAEY5HSnuSlISXVPxnSae1dWblvTh4/HoMIB+mbMsvZzw==

follow-redirects@^1.15.6:
  version "1.15.9"
  resolved "https://registry.npmmirror.com/follow-redirects/-/follow-redirects-1.15.9.tgz#a604fa10e443bf98ca94228d9eebcc2e8a2c8ee1"
  integrity sha512-gew4GsXizNgdoRyqmyfMHyAmXsZDk6mHkSxZFCzW9gwlbtOW44CDtYavM+y+72qD/Vq2l550kMF52DT8fOLJqQ==

form-data@^4.0.0:
  version "4.0.0"
  resolved "https://registry.npmmirror.com/form-data/-/form-data-4.0.0.tgz#93919daeaf361ee529584b9b31664dc12c9fa452"
  integrity sha512-ETEklSGi5t0QMZuiXoA/Q6vcnxcLQP5vdugSpuAyi6SVGi2clPPp+xgEhuMaHC+zGgn31Kd235W35f7Hykkaww==
  dependencies:
    asynckit "^0.4.0"
    combined-stream "^1.0.8"
    mime-types "^2.1.12"

fsevents@~2.3.2, fsevents@~2.3.3:
  version "2.3.3"
  resolved "https://registry.npmmirror.com/fsevents/-/fsevents-2.3.3.tgz#cac6407785d03675a2a5e1a5305c697b347d90d6"

graceful-fs@^4.1.2:
  version "4.2.11"
  resolved "https://registry.npmmirror.com/graceful-fs/-/graceful-fs-4.2.11.tgz#4183e4e8bf08bb6e05bbb2f7d2e0c8f712ca40e3"
  integrity sha512-RbJ5/jmFcNNCcDV5o9eTnBLJ/HszWV0P73bc+Ff4nS/rJj+YaS6IGyiOL0VoBYX+l1Wrl3k63h/KrH+nhJ0XvQ==

highlight.js@^11.8.0:
  version "11.10.0"
  resolved "https://registry.npmmirror.com/highlight.js/-/highlight.js-11.10.0.tgz#6e3600dc4b33d6dc23d5bd94fbf72405f5892b92"
  integrity sha512-SYVnVFswQER+zu1laSya563s+F8VDGt7o35d4utbamowvUNLLMovFqwCLSocpZTz3MgaSRA1IbqRWZv97dtErQ==

iconv-lite@^0.6.3:
  version "0.6.3"
  resolved "https://registry.npmmirror.com/iconv-lite/-/iconv-lite-0.6.3.tgz#a52f80bf38da1952eb5c681790719871a1a72501"
  integrity sha512-4fCk79wshMdzMp2rH06qWrJE4iolqLhCUH+OiuIgU++RB0+94NlDL81atO7GX55uUKueo0txHNtvEyI6D7WdMw==
  dependencies:
    safer-buffer ">= 2.1.2 < 3.0.0"

image-size@~0.5.0:
  version "0.5.5"
  resolved "https://registry.npmmirror.com/image-size/-/image-size-0.5.5.tgz#09dfd4ab9d20e29eb1c3e80b8990378df9e3cb9c"
  integrity sha512-6TDAlDPZxUFCv+fuOkIoXT/V/f3Qbq8e37p+YOiYrUv3v9cc3/6x78VdfPgFVaB9dZYeLUfKgHRebpkm/oP2VQ==

is-what@^3.14.1:
  version "3.14.1"
  resolved "https://registry.npmmirror.com/is-what/-/is-what-3.14.1.tgz#e1222f46ddda85dead0fd1c9df131760e77755c1"
  integrity sha512-sNxgpk9793nzSs7bA6JQJGeIuRBQhAaNGG77kzYQgMkrID+lS6SlK07K5LaptscDlSaIgH+GPFzf+d75FVxozA==

less@^4.2.0:
  version "4.2.0"
  resolved "https://registry.npmmirror.com/less/-/less-4.2.0.tgz#cbefbfaa14a4cd388e2099b2b51f956e1465c450"
  integrity sha512-P3b3HJDBtSzsXUl0im2L7gTO5Ubg8mEN6G8qoTS77iXxXX4Hvu4Qj540PZDvQ8V6DmX6iXo98k7Md0Cm1PrLaA==
  dependencies:
    copy-anything "^2.0.1"
    parse-node-version "^1.0.1"
    tslib "^2.3.0"
  optionalDependencies:
    errno "^0.1.1"
    graceful-fs "^4.1.2"
    image-size "~0.5.0"
    make-dir "^2.1.0"
    mime "^1.4.1"
    needle "^3.1.0"
    source-map "~0.6.0"

lodash-es@^4.17.21:
  version "4.17.21"
  resolved "https://registry.npmmirror.com/lodash-es/-/lodash-es-4.17.21.tgz#43e626c46e6591b7750beb2b50117390c609e3ee"
  integrity sha512-mKnC+QJ9pWVzv+C4/U3rRsHapFfHvQFoFB92e52xeyGMcX6/OlIl78je1u8vePzYZSkkogMPJ2yjxxsb89cxyw==

lodash@^4.17.21:
  version "4.17.21"
  resolved "https://registry.npmmirror.com/lodash/-/lodash-4.17.21.tgz#679591c564c3bffaae8454cf0b3df370c3d6911c"
  integrity sha512-v2kDEe57lecTulaDIuNTPy3Ry4gLGJ6Z1O3vE1krgXZNrsQ+LFTGHVxVjcXPs17LhbZVGedAJv8XZ1tvj5FvSg==

magic-string@^0.30.11:
  version "0.30.11"
  resolved "https://registry.npmmirror.com/magic-string/-/magic-string-0.30.11.tgz#301a6f93b3e8c2cb13ac1a7a673492c0dfd12954"
  integrity sha512-+Wri9p0QHMy+545hKww7YAu5NyzF8iomPL/RQazugQ9+Ez4Ic3mERMd8ZTX5rfK944j+560ZJi8iAwgak1Ac7A==
  dependencies:
    "@jridgewell/sourcemap-codec" "^1.5.0"

make-dir@^2.1.0:
  version "2.1.0"
  resolved "https://registry.npmmirror.com/make-dir/-/make-dir-2.1.0.tgz#5f0310e18b8be898cc07009295a30ae41e91e6f5"
  integrity sha512-LS9X+dc8KLxXCb8dni79fLIIUA5VyZoyjSMCwTluaXA0o27cCK0bhXkpgw+sTXVpPy/lSO57ilRixqk0vDmtRA==
  dependencies:
    pify "^4.0.1"
    semver "^5.6.0"

mime-db@1.52.0:
  version "1.52.0"
  resolved "https://registry.npmmirror.com/mime-db/-/mime-db-1.52.0.tgz#bbabcdc02859f4987301c856e3387ce5ec43bf70"
  integrity sha512-sPU4uV7dYlvtWJxwwxHD0PuihVNiE7TyAbQ5SWxDCB9mUYvOgroQOwYQQOKPJ8CIbE+1ETVlOoK1UC2nU3gYvg==

mime-types@^2.1.12:
  version "2.1.35"
  resolved "https://registry.npmmirror.com/mime-types/-/mime-types-2.1.35.tgz#381a871b62a734450660ae3deee44813f70d959a"
  integrity sha512-ZDY+bPm5zTTF+YpCrAU9nK0UgICYPT0QtT1NZWFv4s++TNkcgVaT0g6+4R2uI4MjQjzysHB1zxuWL50hzaeXiw==
  dependencies:
    mime-db "1.52.0"

mime@^1.4.1:
  version "1.6.0"
  resolved "https://registry.npmmirror.com/mime/-/mime-1.6.0.tgz#32cd9e5c64553bd58d19a568af452acff04981b1"
  integrity sha512-x0Vn8spI+wuJ1O6S7gnbaQg8Pxh4NNHb7KSINmEWKiPE4RKOplvijn+NkmYmmRgP68mc70j2EbeTFRsrswaQeg==

naive-ui@^2.39.0:
  version "2.39.0"
  resolved "https://registry.npmmirror.com/naive-ui/-/naive-ui-2.39.0.tgz#f0d47d30ce86b178242ad5de9de4066eb8a3f0c9"
  integrity sha512-5oUJzRG+rtLSH8eRU+fJvVYiQids2BxF9jp+fwGoAqHOptEINrBlgBu9uy+95RHE5FLJ7Q/z41o+qkoGnUrKxQ==
  dependencies:
    "@css-render/plugin-bem" "^0.15.12"
    "@css-render/vue3-ssr" "^0.15.12"
    "@types/katex" "^0.16.2"
    "@types/lodash" "^4.14.198"
    "@types/lodash-es" "^4.17.9"
    async-validator "^4.2.5"
    css-render "^0.15.12"
    csstype "^3.1.3"
    date-fns "^2.30.0"
    date-fns-tz "^2.0.0"
    evtd "^0.2.4"
    highlight.js "^11.8.0"
    lodash "^4.17.21"
    lodash-es "^4.17.21"
    seemly "^0.3.8"
    treemate "^0.3.11"
    vdirs "^0.1.8"
    vooks "^0.2.12"
    vueuc "^0.4.58"

nanoid@^3.3.7:
  version "3.3.7"
  resolved "https://registry.npmmirror.com/nanoid/-/nanoid-3.3.7.tgz#d0c301a691bc8d54efa0a2226ccf3fe2fd656bd8"

needle@^3.1.0:
  version "3.3.1"
  resolved "https://registry.npmmirror.com/needle/-/needle-3.3.1.tgz#63f75aec580c2e77e209f3f324e2cdf3d29bd049"
  integrity sha512-6k0YULvhpw+RoLNiQCRKOl09Rv1dPLr8hHnVjHqdolKwDrdNyk+Hmrthi4lIGPPz3r39dLx0hsF5s40sZ3Us4Q==
  dependencies:
    iconv-lite "^0.6.3"
    sax "^1.2.4"

parse-node-version@^1.0.1:
  version "1.0.1"
  resolved "https://registry.npmmirror.com/parse-node-version/-/parse-node-version-1.0.1.tgz#e2b5dbede00e7fa9bc363607f53327e8b073189b"
  integrity sha512-3YHlOa/JgH6Mnpr05jP9eDG254US9ek25LyIxZlDItp2iJtwyaXQb57lBYLdT3MowkUFYEV2XXNAYIPlESvJlA==

picocolors@^1.0.1:
  version "1.1.0"
  resolved "https://registry.npmmirror.com/picocolors/-/picocolors-1.1.0.tgz#5358b76a78cde483ba5cef6a9dc9671440b27d59"
  integrity sha512-TQ92mBOW0l3LeMeyLV6mzy/kWr8lkd/hp3mTg7wYK7zJhuBStmGMBG0BdeDZS/dZx1IukaX6Bk11zcln25o1Aw==

pify@^4.0.1:
  version "4.0.1"
  resolved "https://registry.npmmirror.com/pify/-/pify-4.0.1.tgz#4b2cd25c50d598735c50292224fd8c6df41e3231"
  integrity sha512-uB80kBFb/tfd68bVleG9T5GGsGPjJrLAUpR5PZIrhBnIaRTQRjqdJSsIKkOP6OAIFbj7GOrcudc5pNjZ+geV2g==

postcss@^8.4.43, postcss@^8.4.44:
  version "8.4.45"
  resolved "https://registry.npmmirror.com/postcss/-/postcss-8.4.45.tgz#538d13d89a16ef71edbf75d895284ae06b79e603"
  integrity sha512-7KTLTdzdZZYscUc65XmjFiB73vBhBfbPztCYdUNvlaso9PrzjzcmjqBPR0lNGkcVlcO4BjiO5rK/qNz+XAen1Q==
  dependencies:
    nanoid "^3.3.7"
    picocolors "^1.0.1"
    source-map-js "^1.2.0"

proxy-from-env@^1.1.0:
  version "1.1.0"
  resolved "https://registry.npmmirror.com/proxy-from-env/-/proxy-from-env-1.1.0.tgz#e102f16ca355424865755d2c9e8ea4f24d58c3e2"
  integrity sha512-D+zkORCbA9f1tdWRK0RaCR3GPv50cMxcrz4X8k5LTSUD1Dkw47mKJEZQNunItRTkWwgtaUSo1RVFRIG9ZXiFYg==

prr@~1.0.1:
  version "1.0.1"
  resolved "https://registry.npmmirror.com/prr/-/prr-1.0.1.tgz#d3fc114ba06995a45ec6893f484ceb1d78f5f476"
  integrity sha512-yPw4Sng1gWghHQWj0B3ZggWUm4qVbPwPFcRG8KyxiU7J2OHFSoEHKS+EZ3fv5l1t9CyCiop6l/ZYeWbrgoQejw==

regenerator-runtime@^0.14.0:
  version "0.14.1"
  resolved "https://registry.npmmirror.com/regenerator-runtime/-/regenerator-runtime-0.14.1.tgz#356ade10263f685dda125100cd862c1db895327f"
  integrity sha512-dYnhHh0nJoMfnkZs6GmmhFknAGRrLznOu5nc9ML+EJxGvrx6H7teuevqVqCuPcPK//3eDrrjQhehXVx9cnkGdw==

rollup@^4.20.0:
  version "4.21.3"
  resolved "https://registry.npmmirror.com/rollup/-/rollup-4.21.3.tgz#c64ba119e6aeb913798a6f7eef2780a0df5a0821"
  integrity sha512-7sqRtBNnEbcBtMeRVc6VRsJMmpI+JU1z9VTvW8D4gXIYQFz0aLcsE6rRkyghZkLfEgUZgVvOG7A5CVz/VW5GIA==
  dependencies:
    "@types/estree" "1.0.5"
  optionalDependencies:
    "@rollup/rollup-android-arm-eabi" "4.21.3"
    "@rollup/rollup-android-arm64" "4.21.3"
    "@rollup/rollup-darwin-arm64" "4.21.3"
    "@rollup/rollup-darwin-x64" "4.21.3"
    "@rollup/rollup-linux-arm-gnueabihf" "4.21.3"
    "@rollup/rollup-linux-arm-musleabihf" "4.21.3"
    "@rollup/rollup-linux-arm64-gnu" "4.21.3"
    "@rollup/rollup-linux-arm64-musl" "4.21.3"
    "@rollup/rollup-linux-powerpc64le-gnu" "4.21.3"
    "@rollup/rollup-linux-riscv64-gnu" "4.21.3"
    "@rollup/rollup-linux-s390x-gnu" "4.21.3"
    "@rollup/rollup-linux-x64-gnu" "4.21.3"
    "@rollup/rollup-linux-x64-musl" "4.21.3"
    "@rollup/rollup-win32-arm64-msvc" "4.21.3"
    "@rollup/rollup-win32-ia32-msvc" "4.21.3"
    "@rollup/rollup-win32-x64-msvc" "4.21.3"
    fsevents "~2.3.2"

"safer-buffer@>= 2.1.2 < 3.0.0":
  version "2.1.2"
  resolved "https://registry.npmmirror.com/safer-buffer/-/safer-buffer-2.1.2.tgz#44fa161b0187b9549dd84bb91802f9bd8385cd6a"
  integrity sha512-YZo3K82SD7Riyi0E1EQPojLz7kpepnSQI9IyPbHHg1XXXevb5dJI7tpyN2ADxGcQbHG7vcyRHk0cbwqcQriUtg==

sax@^1.2.4:
  version "1.4.1"
  resolved "https://registry.npmmirror.com/sax/-/sax-1.4.1.tgz#44cc8988377f126304d3b3fc1010c733b929ef0f"
  integrity sha512-+aWOz7yVScEGoKNd4PA10LZ8sk0A/z5+nXQG5giUO5rprX9jgYsTdov9qCchZiPIZezbZH+jRut8nPodFAX4Jg==

seemly@^0.3.6, seemly@^0.3.8:
  version "0.3.8"
  resolved "https://registry.npmmirror.com/seemly/-/seemly-0.3.8.tgz#42879d8375d73126a04dc16b1bf92a773d2e5974"
  integrity sha512-MW8Qs6vbzo0pHmDpFSYPna+lwpZ6Zk1ancbajw/7E8TKtHdV+1DfZZD+kKJEhG/cAoB/i+LiT+5msZOqj0DwRA==

semver@^5.6.0:
  version "5.7.2"
  resolved "https://registry.npmmirror.com/semver/-/semver-5.7.2.tgz#48d55db737c3287cd4835e17fa13feace1c41ef8"
  integrity sha512-cBznnQ9KjJqU67B52RMC65CMarK2600WFnbkcaiwWq3xy/5haFJlshgnpjovMVJ+Hff49d8GEn0b87C5pDQ10g==

source-map-js@^1.2.0:
  version "1.2.1"
  resolved "https://registry.npmmirror.com/source-map-js/-/source-map-js-1.2.1.tgz#1ce5650fddd87abc099eda37dcff024c2667ae46"
  integrity sha512-UXWMKhLOwVKb728IUtQPXxfYU+usdybtUrK/8uGE8CQMvrhOpwvzDBwj0QhSL7MQc7vIsISBG8VQ8+IDQxpfQA==

source-map@~0.6.0:
  version "0.6.1"
  resolved "https://registry.npmmirror.com/source-map/-/source-map-0.6.1.tgz#74722af32e9614e9c287a8d0bbde48b5e2f1a263"
  integrity sha512-UjgapumWlbMhkBgzT7Ykc5YXUT46F0iKu8SGXq0bcwP5dz/h0Plj6enJqjz1Zbq2l5WaqYnrVbwWOWMyF3F47g==

to-fast-properties@^2.0.0:
  version "2.0.0"
  resolved "https://registry.npmmirror.com/to-fast-properties/-/to-fast-properties-2.0.0.tgz#dc5e698cbd079265bc73e0377681a4e4e83f616e"
  integrity sha512-/OaKK0xYrs3DmxRYqL/yDc+FxFUVYhDlXMhRmv3z915w2HF1tnN1omB354j8VUGO/hbRzyD6Y3sA7v7GS/ceog==

treemate@^0.3.11:
  version "0.3.11"
  resolved "https://registry.npmmirror.com/treemate/-/treemate-0.3.11.tgz#7d52f8f69ab9ce326f8d139e0a3d1ffb25e48222"
  integrity sha512-M8RGFoKtZ8dF+iwJfAJTOH/SM4KluKOKRJpjCMhI8bG3qB74zrFoArKZ62ll0Fr3mqkMJiQOmWYkdYgDeITYQg==

tslib@^2.3.0:
  version "2.7.0"
  resolved "https://registry.npmmirror.com/tslib/-/tslib-2.7.0.tgz#d9b40c5c40ab59e8738f297df3087bf1a2690c01"
  integrity sha512-gLXCKdN1/j47AiHiOkJN69hJmcbGTHI0ImLmbYLHykhgeN0jVGola9yVjFgzCUklsZQMW55o+dW7IXv3RCXDzA==

vdirs@^0.1.4, vdirs@^0.1.8:
  version "0.1.8"
  resolved "https://registry.npmmirror.com/vdirs/-/vdirs-0.1.8.tgz#a103bc43baca738f8dea912a7e9737154a19dbc2"
  integrity sha512-H9V1zGRLQZg9b+GdMk8MXDN2Lva0zx72MPahDKc30v+DtwKjfyOSXWRIX4t2mhDubM1H09gPhWeth/BJWPHGUw==
  dependencies:
    evtd "^0.2.2"

vite@^5.4.5:
  version "5.4.5"
  resolved "https://registry.npmmirror.com/vite/-/vite-5.4.5.tgz#e4ab27709de46ff29bd8db52b0c51606acba893b"
  integrity sha512-pXqR0qtb2bTwLkev4SE3r4abCNioP3GkjvIDLlzziPpXtHgiJIjuKl+1GN6ESOT3wMjG3JTeARopj2SwYaHTOA==
  dependencies:
    esbuild "^0.21.3"
    postcss "^8.4.43"
    rollup "^4.20.0"
  optionalDependencies:
    fsevents "~2.3.3"

vooks@^0.2.12, vooks@^0.2.4:
  version "0.2.12"
  resolved "https://registry.npmmirror.com/vooks/-/vooks-0.2.12.tgz#2b6e23330b77bac81c7f7a344c4ca3e9f4f6c373"
  integrity sha512-iox0I3RZzxtKlcgYaStQYKEzWWGAduMmq+jS7OrNdQo1FgGfPMubGL3uGHOU9n97NIvfFDBGnpSvkWyb/NSn/Q==
  dependencies:
    evtd "^0.2.2"

vue-router@^4.4.5:
  version "4.4.5"
  resolved "https://registry.npmmirror.com/vue-router/-/vue-router-4.4.5.tgz#bdf535e4cf32414ebdea6b4b403593efdb541388"
  integrity sha512-4fKZygS8cH1yCyuabAXGUAsyi1b2/o/OKgu/RUb+znIYOxPRxdkytJEx+0wGcpBE1pX6vUgh5jwWOKRGvuA/7Q==
  dependencies:
    "@vue/devtools-api" "^6.6.4"

vue@^3.5.5:
  version "3.5.5"
  resolved "https://registry.npmmirror.com/vue/-/vue-3.5.5.tgz#2bd1e31b9ea62e217052d1ba448319418caf7bb1"
  integrity sha512-ybC+xn67K4+df1yVeov4UjBGyVcXM0a1g7JVZr+pWVUX3xF6ntXU0wIjkTkduZBUIpxTlsftJSxz2kwhsT7dgA==
  dependencies:
    "@vue/compiler-dom" "3.5.5"
    "@vue/compiler-sfc" "3.5.5"
    "@vue/runtime-dom" "3.5.5"
    "@vue/server-renderer" "3.5.5"
    "@vue/shared" "3.5.5"

vueuc@^0.4.58:
  version "0.4.58"
  resolved "https://registry.npmmirror.com/vueuc/-/vueuc-0.4.58.tgz#03ee2ea6febf360ca9cbe490841fce91742eea12"
  integrity sha512-Wnj/N8WbPRSxSt+9ji1jtDHPzda5h2OH/0sFBhvdxDRuyCZbjGg3/cKMaKqEoe+dErTexG2R+i6Q8S/Toq1MYg==
  dependencies:
    "@css-render/vue3-ssr" "^0.15.10"
    "@juggle/resize-observer" "^3.3.1"
    css-render "^0.15.10"
    evtd "^0.2.4"
    seemly "^0.3.6"
    vdirs "^0.1.4"
    vooks "^0.2.4"
